{
  "requires": true,
  "lockfileVersion": 1,
  "dependencies": {
    "@types/node": {
      "version": "16.11.4",
      "resolved": "https://registry.npmmirror.com/@types/node/download/@types/node-16.11.4.tgz?cache=0&sync_timestamp=1634971567684&other_urls=https%3A%2F%2Fregistry.npmmirror.com%2F%40types%2Fnode%2Fdownload%2F%40types%2Fnode-16.11.4.tgz",
      "integrity": "sha1-kHcRJIItZmOBT3wcm0WmZU2P2WQ=",
      "dev": true
    }
  }
}
